
Microsoft Visual Studio Solution File, Format Version 12.00
# Visual Studio Version 17
VisualStudioVersion = 17.9.34616.47
MinimumVisualStudioVersion = 10.0.40219.1
Project("{9A19103F-16F7-4668-BE54-9A1E7A4F7556}") = "HaleyHelpersDB", "HaleyHelpersDB\HaleyHelpersDB.csproj", "{3E83C28B-1E09-491C-923E-5B5E878B438A}"
EndProject
Project("{FAE04EC0-301F-11D3-BF4B-00C04F79EFBC}") = "HaleyHelpersDB.Test", "HaleyHelpersDB.Test\HaleyHelpersDB.Test.csproj", "{1111ABC3-D9EB-4F6A-A14D-96CEFABC5644}"
EndProject
Project("{FAE04EC0-301F-11D3-BF4B-00C04F79EFBC}") = "HaleyAbstractions", "..\HaleyAbstractions\HaleyAbstractions\HaleyAbstractions.csproj", "{9C0D2ADB-7EB6-1BCF-A548-313CB806AD76}"
EndProject
Project("{FAE04EC0-301F-11D3-BF4B-00C04F79EFBC}") = "HaleyHelpers", "..\HaleyHelpers\HaleyHelpers\HaleyHelpers.csproj", "{6A25CE52-4FD6-88D2-29D0-A53401663B6D}"
EndProject
Project("{FAE04EC0-301F-11D3-BF4B-00C04F79EFBC}") = "HaleyExtensions", "..\HaleyExtensions\HaleyExtensions\HaleyExtensions.csproj", "{27CB92CF-3040-E223-2BE7-56293961E67B}"
EndProject
Project("{FAE04EC0-301F-11D3-BF4B-00C04F79EFBC}") = "HaleyRest", "..\HaleyRest\HaleyRest\HaleyRest.csproj", "{B46C690C-E21E-B6E2-34A3-D93C4A213025}"
EndProject
Global
	GlobalSection(SolutionConfigurationPlatforms) = preSolution
		Debug|Any CPU = Debug|Any CPU
		Release|Any CPU = Release|Any CPU
	EndGlobalSection
	GlobalSection(ProjectConfigurationPlatforms) = postSolution
		{3E83C28B-1E09-491C-923E-5B5E878B438A}.Debug|Any CPU.ActiveCfg = Debug|Any CPU
		{3E83C28B-1E09-491C-923E-5B5E878B438A}.Debug|Any CPU.Build.0 = Debug|Any CPU
		{3E83C28B-1E09-491C-923E-5B5E878B438A}.Release|Any CPU.ActiveCfg = Release|Any CPU
		{3E83C28B-1E09-491C-923E-5B5E878B438A}.Release|Any CPU.Build.0 = Release|Any CPU
		{1111ABC3-D9EB-4F6A-A14D-96CEFABC5644}.Debug|Any CPU.ActiveCfg = Debug|Any CPU
		{1111ABC3-D9EB-4F6A-A14D-96CEFABC5644}.Debug|Any CPU.Build.0 = Debug|Any CPU
		{1111ABC3-D9EB-4F6A-A14D-96CEFABC5644}.Release|Any CPU.ActiveCfg = Release|Any CPU
		{1111ABC3-D9EB-4F6A-A14D-96CEFABC5644}.Release|Any CPU.Build.0 = Release|Any CPU
		{9C0D2ADB-7EB6-1BCF-A548-313CB806AD76}.Debug|Any CPU.ActiveCfg = Debug|Any CPU
		{9C0D2ADB-7EB6-1BCF-A548-313CB806AD76}.Debug|Any CPU.Build.0 = Debug|Any CPU
		{9C0D2ADB-7EB6-1BCF-A548-313CB806AD76}.Release|Any CPU.ActiveCfg = Release|Any CPU
		{9C0D2ADB-7EB6-1BCF-A548-313CB806AD76}.Release|Any CPU.Build.0 = Release|Any CPU
		{6A25CE52-4FD6-88D2-29D0-A53401663B6D}.Debug|Any CPU.ActiveCfg = Debug|Any CPU
		{6A25CE52-4FD6-88D2-29D0-A53401663B6D}.Debug|Any CPU.Build.0 = Debug|Any CPU
		{6A25CE52-4FD6-88D2-29D0-A53401663B6D}.Release|Any CPU.ActiveCfg = Release|Any CPU
		{6A25CE52-4FD6-88D2-29D0-A53401663B6D}.Release|Any CPU.Build.0 = Release|Any CPU
		{27CB92CF-3040-E223-2BE7-56293961E67B}.Debug|Any CPU.ActiveCfg = Debug|Any CPU
		{27CB92CF-3040-E223-2BE7-56293961E67B}.Debug|Any CPU.Build.0 = Debug|Any CPU
		{27CB92CF-3040-E223-2BE7-56293961E67B}.Release|Any CPU.ActiveCfg = Release|Any CPU
		{27CB92CF-3040-E223-2BE7-56293961E67B}.Release|Any CPU.Build.0 = Release|Any CPU
		{B46C690C-E21E-B6E2-34A3-D93C4A213025}.Debug|Any CPU.ActiveCfg = Debug|Any CPU
		{B46C690C-E21E-B6E2-34A3-D93C4A213025}.Debug|Any CPU.Build.0 = Debug|Any CPU
		{B46C690C-E21E-B6E2-34A3-D93C4A213025}.Release|Any CPU.ActiveCfg = Release|Any CPU
		{B46C690C-E21E-B6E2-34A3-D93C4A213025}.Release|Any CPU.Build.0 = Release|Any CPU
	EndGlobalSection
	GlobalSection(SolutionProperties) = preSolution
		HideSolutionNode = FALSE
	EndGlobalSection
	GlobalSection(ExtensibilityGlobals) = postSolution
		SolutionGuid = {E3B3E762-52D6-4443-8195-46A60730042F}
	EndGlobalSection
EndGlobal
